// !$*UTF8*$!
{
	archiveVersion = 1;
	classes = {
	};
	objectVersion = 48;
	objects = {

/* Begin PBXBuildFile section */
		DA8944FD220C77DD00059837 /* SettingsManager.swift in Sources */ = {isa = PBXBuildFile; fileRef = DA8944FC220C77DD00059837 /* SettingsManager.swift */; };
		DA8944FF220C9A1200059837 /* ForecastParser.swift in Sources */ = {isa = PBXBuildFile; fileRef = DA8944FE220C9A1200059837 /* ForecastParser.swift */; };
		F603F61E2039180D00129F25 /* NetworkHandler.swift in Sources */ = {isa = PBXBuildFile; fileRef = F603F61D2039180D00129F25 /* NetworkHandler.swift */; };
		F6087A992031EFFF007426F5 /* ObservingSiteManager.swift in Sources */ = {isa = PBXBuildFile; fileRef = F6087A982031EFFF007426F5 /* ObservingSiteManager.swift */; };
		F60BC367220954BB0071674F /* InitializerViewController.swift in Sources */ = {isa = PBXBuildFile; fileRef = F60BC366220954BB0071674F /* InitializerViewController.swift */; };
		F60BC36B2209BD600071674F /* ClearSkyWatcher.xcdatamodeld in Sources */ = {isa = PBXBuildFile; fileRef = F60BC3692209BD600071674F /* ClearSkyWatcher.xcdatamodeld */; };
		F60BC37A220A7BF90071674F /* Forecast+CoreDataClass.swift in Sources */ = {isa = PBXBuildFile; fileRef = F60BC376220A7BF90071674F /* Forecast+CoreDataClass.swift */; };
		F60BC37B220A7BF90071674F /* Forecast+CoreDataProperties.swift in Sources */ = {isa = PBXBuildFile; fileRef = F60BC377220A7BF90071674F /* Forecast+CoreDataProperties.swift */; };
		F60BC37C220A7BF90071674F /* ObservingSite+CoreDataClass.swift in Sources */ = {isa = PBXBuildFile; fileRef = F60BC378220A7BF90071674F /* ObservingSite+CoreDataClass.swift */; };
		F60BC37D220A7BF90071674F /* ObservingSite+CoreDataProperties.swift in Sources */ = {isa = PBXBuildFile; fileRef = F60BC379220A7BF90071674F /* ObservingSite+CoreDataProperties.swift */; };
		F60BC37F220A7C3B0071674F /* PersistenceManager.swift in Sources */ = {isa = PBXBuildFile; fileRef = F60BC37E220A7C3B0071674F /* PersistenceManager.swift */; };
		F60BC382220A804E0071674F /* Region+CoreDataClass.swift in Sources */ = {isa = PBXBuildFile; fileRef = F60BC380220A804E0071674F /* Region+CoreDataClass.swift */; };
		F60BC383220A804E0071674F /* Region+CoreDataProperties.swift in Sources */ = {isa = PBXBuildFile; fileRef = F60BC381220A804E0071674F /* Region+CoreDataProperties.swift */; };
		F60EFEFE22093B8700A86806 /* SiteTableViewController.swift in Sources */ = {isa = PBXBuildFile; fileRef = F60EFEFD22093B8700A86806 /* SiteTableViewController.swift */; };
		F60EFF0022093E5900A86806 /* ClearSkyWatcher.swift in Sources */ = {isa = PBXBuildFile; fileRef = F60EFEFF22093E5900A86806 /* ClearSkyWatcher.swift */; };
		F62A874D201BFF3B00260619 /* AppDelegate.swift in Sources */ = {isa = PBXBuildFile; fileRef = F62A874C201BFF3B00260619 /* AppDelegate.swift */; };
		F62A8751201BFF3C00260619 /* SecondViewController.swift in Sources */ = {isa = PBXBuildFile; fileRef = F62A8750201BFF3C00260619 /* SecondViewController.swift */; };
		F62A8754201BFF3C00260619 /* Main.storyboard in Resources */ = {isa = PBXBuildFile; fileRef = F62A8752201BFF3C00260619 /* Main.storyboard */; };
		F62A8756201BFF3C00260619 /* Assets.xcassets in Resources */ = {isa = PBXBuildFile; fileRef = F62A8755201BFF3C00260619 /* Assets.xcassets */; };
		F62A8759201BFF3C00260619 /* LaunchScreen.storyboard in Resources */ = {isa = PBXBuildFile; fileRef = F62A8757201BFF3C00260619 /* LaunchScreen.storyboard */; };
		F642409320AFC8E500C52D65 /* ThemeManager.swift in Sources */ = {isa = PBXBuildFile; fileRef = F642409220AFC8E500C52D65 /* ThemeManager.swift */; };
		F6C99645203A6EBF006FE287 /* Logger.swift in Sources */ = {isa = PBXBuildFile; fileRef = F6C99644203A6EBF006FE287 /* Logger.swift */; };
/* End PBXBuildFile section */

/* Begin PBXFileReference section */
		DA8944FC220C77DD00059837 /* SettingsManager.swift */ = {isa = PBXFileReference; lastKnownFileType = sourcecode.swift; path = SettingsManager.swift; sourceTree = "<group>"; };
		DA8944FE220C9A1200059837 /* ForecastParser.swift */ = {isa = PBXFileReference; lastKnownFileType = sourcecode.swift; path = ForecastParser.swift; sourceTree = "<group>"; };
		F603F61D2039180D00129F25 /* NetworkHandler.swift */ = {isa = PBXFileReference; fileEncoding = 4; lastKnownFileType = sourcecode.swift; path = NetworkHandler.swift; sourceTree = "<group>"; };
		F6087A982031EFFF007426F5 /* ObservingSiteManager.swift */ = {isa = PBXFileReference; lastKnownFileType = sourcecode.swift; path = ObservingSiteManager.swift; sourceTree = "<group>"; };
		F60BC366220954BB0071674F /* InitializerViewController.swift */ = {isa = PBXFileReference; lastKnownFileType = sourcecode.swift; path = InitializerViewController.swift; sourceTree = "<group>"; };
		F60BC36A2209BD600071674F /* ObservingSiteProperties.xcdatamodel */ = {isa = PBXFileReference; lastKnownFileType = wrapper.xcdatamodel; path = ObservingSiteProperties.xcdatamodel; sourceTree = "<group>"; };
		F60BC376220A7BF90071674F /* Forecast+CoreDataClass.swift */ = {isa = PBXFileReference; lastKnownFileType = sourcecode.swift; path = "Forecast+CoreDataClass.swift"; sourceTree = "<group>"; };
		F60BC377220A7BF90071674F /* Forecast+CoreDataProperties.swift */ = {isa = PBXFileReference; lastKnownFileType = sourcecode.swift; path = "Forecast+CoreDataProperties.swift"; sourceTree = "<group>"; };
		F60BC378220A7BF90071674F /* ObservingSite+CoreDataClass.swift */ = {isa = PBXFileReference; lastKnownFileType = sourcecode.swift; path = "ObservingSite+CoreDataClass.swift"; sourceTree = "<group>"; };
		F60BC379220A7BF90071674F /* ObservingSite+CoreDataProperties.swift */ = {isa = PBXFileReference; lastKnownFileType = sourcecode.swift; path = "ObservingSite+CoreDataProperties.swift"; sourceTree = "<group>"; };
		F60BC37E220A7C3B0071674F /* PersistenceManager.swift */ = {isa = PBXFileReference; lastKnownFileType = sourcecode.swift; path = PersistenceManager.swift; sourceTree = "<group>"; };
		F60BC380220A804E0071674F /* Region+CoreDataClass.swift */ = {isa = PBXFileReference; lastKnownFileType = sourcecode.swift; path = "Region+CoreDataClass.swift"; sourceTree = "<group>"; };
		F60BC381220A804E0071674F /* Region+CoreDataProperties.swift */ = {isa = PBXFileReference; lastKnownFileType = sourcecode.swift; path = "Region+CoreDataProperties.swift"; sourceTree = "<group>"; };
		F60EFEFD22093B8700A86806 /* SiteTableViewController.swift */ = {isa = PBXFileReference; fileEncoding = 4; lastKnownFileType = sourcecode.swift; path = SiteTableViewController.swift; sourceTree = "<group>"; };
		F60EFEFF22093E5900A86806 /* ClearSkyWatcher.swift */ = {isa = PBXFileReference; lastKnownFileType = sourcecode.swift; path = ClearSkyWatcher.swift; sourceTree = "<group>"; };
		F62A8749201BFF3B00260619 /* ClearSkyWatcher.app */ = {isa = PBXFileReference; explicitFileType = wrapper.application; includeInIndex = 0; path = ClearSkyWatcher.app; sourceTree = BUILT_PRODUCTS_DIR; };
		F62A874C201BFF3B00260619 /* AppDelegate.swift */ = {isa = PBXFileReference; lastKnownFileType = sourcecode.swift; path = AppDelegate.swift; sourceTree = "<group>"; };
		F62A8750201BFF3C00260619 /* SecondViewController.swift */ = {isa = PBXFileReference; lastKnownFileType = sourcecode.swift; path = SecondViewController.swift; sourceTree = "<group>"; };
		F62A8753201BFF3C00260619 /* Base */ = {isa = PBXFileReference; lastKnownFileType = file.storyboard; name = Base; path = Base.lproj/Main.storyboard; sourceTree = "<group>"; };
		F62A8755201BFF3C00260619 /* Assets.xcassets */ = {isa = PBXFileReference; lastKnownFileType = folder.assetcatalog; path = Assets.xcassets; sourceTree = "<group>"; };
		F62A8758201BFF3C00260619 /* Base */ = {isa = PBXFileReference; lastKnownFileType = file.storyboard; name = Base; path = Base.lproj/LaunchScreen.storyboard; sourceTree = "<group>"; };
		F62A875A201BFF3C00260619 /* Info.plist */ = {isa = PBXFileReference; lastKnownFileType = text.plist.xml; path = Info.plist; sourceTree = "<group>"; };
		F642409220AFC8E500C52D65 /* ThemeManager.swift */ = {isa = PBXFileReference; lastKnownFileType = sourcecode.swift; path = ThemeManager.swift; sourceTree = "<group>"; };
		F6C99644203A6EBF006FE287 /* Logger.swift */ = {isa = PBXFileReference; lastKnownFileType = sourcecode.swift; path = Logger.swift; sourceTree = "<group>"; };
/* End PBXFileReference section */

/* Begin PBXFrameworksBuildPhase section */
		F62A8746201BFF3B00260619 /* Frameworks */ = {
			isa = PBXFrameworksBuildPhase;
			buildActionMask = 2147483647;
			files = (
			);
			runOnlyForDeploymentPostprocessing = 0;
		};
/* End PBXFrameworksBuildPhase section */

/* Begin PBXGroup section */
		F603F61C203917E600129F25 /* Network */ = {
			isa = PBXGroup;
			children = (
				F603F61D2039180D00129F25 /* NetworkHandler.swift */,
			);
			path = Network;
			sourceTree = "<group>";
		};
		F6087A9F20325ADA007426F5 /* Model */ = {
			isa = PBXGroup;
			children = (
				F6087A982031EFFF007426F5 /* ObservingSiteManager.swift */,
				F60EFEFF22093E5900A86806 /* ClearSkyWatcher.swift */,
			);
			path = Model;
			sourceTree = "<group>";
		};
		F60BC3682209BD3B0071674F /* Data */ = {
			isa = PBXGroup;
			children = (
				F60BC380220A804E0071674F /* Region+CoreDataClass.swift */,
				F60BC381220A804E0071674F /* Region+CoreDataProperties.swift */,
				F60BC376220A7BF90071674F /* Forecast+CoreDataClass.swift */,
				F60BC377220A7BF90071674F /* Forecast+CoreDataProperties.swift */,
				F60BC378220A7BF90071674F /* ObservingSite+CoreDataClass.swift */,
				F60BC379220A7BF90071674F /* ObservingSite+CoreDataProperties.swift */,
				F60BC3692209BD600071674F /* ClearSkyWatcher.xcdatamodeld */,
				F60BC37E220A7C3B0071674F /* PersistenceManager.swift */,
			);
			path = Data;
			sourceTree = "<group>";
		};
		F60BC36C2209CA280071674F /* Storyboards */ = {
			isa = PBXGroup;
			children = (
				F62A8752201BFF3C00260619 /* Main.storyboard */,
				F62A8757201BFF3C00260619 /* LaunchScreen.storyboard */,
			);
			path = Storyboards;
			sourceTree = "<group>";
		};
		F60BC36D2209CA450071674F /* Resources */ = {
			isa = PBXGroup;
			children = (
				F62A875A201BFF3C00260619 /* Info.plist */,
				F62A8755201BFF3C00260619 /* Assets.xcassets */,
			);
			path = Resources;
			sourceTree = "<group>";
		};
		F60EFEFC22093B7300A86806 /* UI */ = {
			isa = PBXGroup;
			children = (
				F62A8750201BFF3C00260619 /* SecondViewController.swift */,
				F60EFEFD22093B8700A86806 /* SiteTableViewController.swift */,
				F60BC366220954BB0071674F /* InitializerViewController.swift */,
			);
			path = UI;
			sourceTree = "<group>";
		};
		F62A8740201BFF3B00260619 = {
			isa = PBXGroup;
			children = (
				F62A874B201BFF3B00260619 /* ClearSkyWatcher */,
				F62A874A201BFF3B00260619 /* Products */,
			);
			sourceTree = "<group>";
		};
		F62A874A201BFF3B00260619 /* Products */ = {
			isa = PBXGroup;
			children = (
				F62A8749201BFF3B00260619 /* ClearSkyWatcher.app */,
			);
			name = Products;
			sourceTree = "<group>";
		};
		F62A874B201BFF3B00260619 /* ClearSkyWatcher */ = {
			isa = PBXGroup;
			children = (
				F60BC36D2209CA450071674F /* Resources */,
				F60BC36C2209CA280071674F /* Storyboards */,
				F60BC3682209BD3B0071674F /* Data */,
				F60EFEFC22093B7300A86806 /* UI */,
				F642409120AFC8BE00C52D65 /* Utils */,
				F603F61C203917E600129F25 /* Network */,
				F6087A9F20325ADA007426F5 /* Model */,
				F62A874C201BFF3B00260619 /* AppDelegate.swift */,
			);
			path = ClearSkyWatcher;
			sourceTree = "<group>";
		};
		F642409120AFC8BE00C52D65 /* Utils */ = {
			isa = PBXGroup;
			children = (
				F642409220AFC8E500C52D65 /* ThemeManager.swift */,
				DA8944FC220C77DD00059837 /* SettingsManager.swift */,
				DA8944FE220C9A1200059837 /* ForecastParser.swift */,
				F6C99644203A6EBF006FE287 /* Logger.swift */,
			);
			path = Utils;
			sourceTree = "<group>";
		};
/* End PBXGroup section */

/* Begin PBXNativeTarget section */
		F62A8748201BFF3B00260619 /* ClearSkyWatcher */ = {
			isa = PBXNativeTarget;
			buildConfigurationList = F62A875D201BFF3C00260619 /* Build configuration list for PBXNativeTarget "ClearSkyWatcher" */;
			buildPhases = (
				F62A8745201BFF3B00260619 /* Sources */,
				F62A8746201BFF3B00260619 /* Frameworks */,
				F62A8747201BFF3B00260619 /* Resources */,
			);
			buildRules = (
			);
			dependencies = (
			);
			name = ClearSkyWatcher;
			productName = ClearSkyWatcher;
			productReference = F62A8749201BFF3B00260619 /* ClearSkyWatcher.app */;
			productType = "com.apple.product-type.application";
		};
/* End PBXNativeTarget section */

/* Begin PBXProject section */
		F62A8741201BFF3B00260619 /* Project object */ = {
			isa = PBXProject;
			attributes = {
				LastSwiftUpdateCheck = 0920;
				LastUpgradeCheck = 1010;
				ORGANIZATIONNAME = FoxNet;
				TargetAttributes = {
					F62A8748201BFF3B00260619 = {
						CreatedOnToolsVersion = 9.2;
						ProvisioningStyle = Automatic;
					};
				};
			};
			buildConfigurationList = F62A8744201BFF3B00260619 /* Build configuration list for PBXProject "ClearSkyWatcher" */;
			compatibilityVersion = "Xcode 8.0";
			developmentRegion = en;
			hasScannedForEncodings = 0;
			knownRegions = (
				en,
				Base,
			);
			mainGroup = F62A8740201BFF3B00260619;
			productRefGroup = F62A874A201BFF3B00260619 /* Products */;
			projectDirPath = "";
			projectRoot = "";
			targets = (
				F62A8748201BFF3B00260619 /* ClearSkyWatcher */,
			);
		};
/* End PBXProject section */

/* Begin PBXResourcesBuildPhase section */
		F62A8747201BFF3B00260619 /* Resources */ = {
			isa = PBXResourcesBuildPhase;
			buildActionMask = 2147483647;
			files = (
				F62A8759201BFF3C00260619 /* LaunchScreen.storyboard in Resources */,
				F62A8756201BFF3C00260619 /* Assets.xcassets in Resources */,
				F62A8754201BFF3C00260619 /* Main.storyboard in Resources */,
			);
			runOnlyForDeploymentPostprocessing = 0;
		};
/* End PBXResourcesBuildPhase section */

/* Begin PBXSourcesBuildPhase section */
		F62A8745201BFF3B00260619 /* Sources */ = {
			isa = PBXSourcesBuildPhase;
			buildActionMask = 2147483647;
			files = (
				F62A8751201BFF3C00260619 /* SecondViewController.swift in Sources */,
				F60BC382220A804E0071674F /* Region+CoreDataClass.swift in Sources */,
				F6087A992031EFFF007426F5 /* ObservingSiteManager.swift in Sources */,
				F60BC383220A804E0071674F /* Region+CoreDataProperties.swift in Sources */,
				F60BC37A220A7BF90071674F /* Forecast+CoreDataClass.swift in Sources */,
				F60BC37F220A7C3B0071674F /* PersistenceManager.swift in Sources */,
				F62A874D201BFF3B00260619 /* AppDelegate.swift in Sources */,
				F642409320AFC8E500C52D65 /* ThemeManager.swift in Sources */,
				DA8944FD220C77DD00059837 /* SettingsManager.swift in Sources */,
				F60BC367220954BB0071674F /* InitializerViewController.swift in Sources */,
				F60BC37D220A7BF90071674F /* ObservingSite+CoreDataProperties.swift in Sources */,
				F60BC37C220A7BF90071674F /* ObservingSite+CoreDataClass.swift in Sources */,
				F6C99645203A6EBF006FE287 /* Logger.swift in Sources */,
				F60EFF0022093E5900A86806 /* ClearSkyWatcher.swift in Sources */,
				F60BC37B220A7BF90071674F /* Forecast+CoreDataProperties.swift in Sources */,
				F603F61E2039180D00129F25 /* NetworkHandler.swift in Sources */,
				F60EFEFE22093B8700A86806 /* SiteTableViewController.swift in Sources */,
				DA8944FF220C9A1200059837 /* ForecastParser.swift in Sources */,
				F60BC36B2209BD600071674F /* ClearSkyWatcher.xcdatamodeld in Sources */,
			);
			runOnlyForDeploymentPostprocessing = 0;
		};
/* End PBXSourcesBuildPhase section */

/* Begin PBXVariantGroup section */
		F62A8752201BFF3C00260619 /* Main.storyboard */ = {
			isa = PBXVariantGroup;
			children = (
				F62A8753201BFF3C00260619 /* Base */,
			);
			name = Main.storyboard;
			sourceTree = "<group>";
		};
		F62A8757201BFF3C00260619 /* LaunchScreen.storyboard */ = {
			isa = PBXVariantGroup;
			children = (
				F62A8758201BFF3C00260619 /* Base */,
			);
			name = LaunchScreen.storyboard;
			sourceTree = "<group>";
		};
/* End PBXVariantGroup section */

/* Begin XCBuildConfiguration section */
		F62A875B201BFF3C00260619 /* Debug */ = {
			isa = XCBuildConfiguration;
			buildSettings = {
				ALWAYS_SEARCH_USER_PATHS = NO;
				CLANG_ANALYZER_NONNULL = YES;
				CLANG_ANALYZER_NUMBER_OBJECT_CONVERSION = YES_AGGRESSIVE;
				CLANG_CXX_LANGUAGE_STANDARD = "gnu++14";
				CLANG_CXX_LIBRARY = "libc++";
				CLANG_ENABLE_MODULES = YES;
				CLANG_ENABLE_OBJC_ARC = YES;
				CLANG_WARN_BLOCK_CAPTURE_AUTORELEASING = YES;
				CLANG_WARN_BOOL_CONVERSION = YES;
				CLANG_WARN_COMMA = YES;
				CLANG_WARN_CONSTANT_CONVERSION = YES;
				CLANG_WARN_DEPRECATED_OBJC_IMPLEMENTATIONS = YES;
				CLANG_WARN_DIRECT_OBJC_ISA_USAGE = YES_ERROR;
				CLANG_WARN_DOCUMENTATION_COMMENTS = YES;
				CLANG_WARN_EMPTY_BODY = YES;
				CLANG_WARN_ENUM_CONVERSION = YES;
				CLANG_WARN_INFINITE_RECURSION = YES;
				CLANG_WARN_INT_CONVERSION = YES;
				CLANG_WARN_NON_LITERAL_NULL_CONVERSION = YES;
				CLANG_WARN_OBJC_IMPLICIT_RETAIN_SELF = YES;
				CLANG_WARN_OBJC_LITERAL_CONVERSION = YES;
				CLANG_WARN_OBJC_ROOT_CLASS = YES_ERROR;
				CLANG_WARN_RANGE_LOOP_ANALYSIS = YES;
				CLANG_WARN_STRICT_PROTOTYPES = YES;
				CLANG_WARN_SUSPICIOUS_MOVE = YES;
				CLANG_WARN_UNGUARDED_AVAILABILITY = YES_AGGRESSIVE;
				CLANG_WARN_UNREACHABLE_CODE = YES;
				CLANG_WARN__DUPLICATE_METHOD_MATCH = YES;
				CODE_SIGN_IDENTITY = "iPhone Developer";
				COPY_PHASE_STRIP = NO;
				DEBUG_INFORMATION_FORMAT = dwarf;
				ENABLE_STRICT_OBJC_MSGSEND = YES;
				ENABLE_TESTABILITY = YES;
				GCC_C_LANGUAGE_STANDARD = gnu11;
				GCC_DYNAMIC_NO_PIC = NO;
				GCC_NO_COMMON_BLOCKS = YES;
				GCC_OPTIMIZATION_LEVEL = 0;
				GCC_PREPROCESSOR_DEFINITIONS = (
					"DEBUG=1",
					"$(inherited)",
				);
				GCC_WARN_64_TO_32_BIT_CONVERSION = YES;
				GCC_WARN_ABOUT_RETURN_TYPE = YES_ERROR;
				GCC_WARN_UNDECLARED_SELECTOR = YES;
				GCC_WARN_UNINITIALIZED_AUTOS = YES_AGGRESSIVE;
				GCC_WARN_UNUSED_FUNCTION = YES;
				GCC_WARN_UNUSED_VARIABLE = YES;
				"INFOPLIST_FILE[sdk=*]" = "";
				IPHONEOS_DEPLOYMENT_TARGET = 11.2;
				MTL_ENABLE_DEBUG_INFO = YES;
				ONLY_ACTIVE_ARCH = YES;
				SDKROOT = iphoneos;
				SWIFT_ACTIVE_COMPILATION_CONDITIONS = DEBUG;
				SWIFT_OPTIMIZATION_LEVEL = "-Onone";
			};
			name = Debug;
		};
		F62A875C201BFF3C00260619 /* Release */ = {
			isa = XCBuildConfiguration;
			buildSettings = {
				ALWAYS_SEARCH_USER_PATHS = NO;
				CLANG_ANALYZER_NONNULL = YES;
				CLANG_ANALYZER_NUMBER_OBJECT_CONVERSION = YES_AGGRESSIVE;
				CLANG_CXX_LANGUAGE_STANDARD = "gnu++14";
				CLANG_CXX_LIBRARY = "libc++";
				CLANG_ENABLE_MODULES = YES;
				CLANG_ENABLE_OBJC_ARC = YES;
				CLANG_WARN_BLOCK_CAPTURE_AUTORELEASING = YES;
				CLANG_WARN_BOOL_CONVERSION = YES;
				CLANG_WARN_COMMA = YES;
				CLANG_WARN_CONSTANT_CONVERSION = YES;
				CLANG_WARN_DEPRECATED_OBJC_IMPLEMENTATIONS = YES;
				CLANG_WARN_DIRECT_OBJC_ISA_USAGE = YES_ERROR;
				CLANG_WARN_DOCUMENTATION_COMMENTS = YES;
				CLANG_WARN_EMPTY_BODY = YES;
				CLANG_WARN_ENUM_CONVERSION = YES;
				CLANG_WARN_INFINITE_RECURSION = YES;
				CLANG_WARN_INT_CONVERSION = YES;
				CLANG_WARN_NON_LITERAL_NULL_CONVERSION = YES;
				CLANG_WARN_OBJC_IMPLICIT_RETAIN_SELF = YES;
				CLANG_WARN_OBJC_LITERAL_CONVERSION = YES;
				CLANG_WARN_OBJC_ROOT_CLASS = YES_ERROR;
				CLANG_WARN_RANGE_LOOP_ANALYSIS = YES;
				CLANG_WARN_STRICT_PROTOTYPES = YES;
				CLANG_WARN_SUSPICIOUS_MOVE = YES;
				CLANG_WARN_UNGUARDED_AVAILABILITY = YES_AGGRESSIVE;
				CLANG_WARN_UNREACHABLE_CODE = YES;
				CLANG_WARN__DUPLICATE_METHOD_MATCH = YES;
				CODE_SIGN_IDENTITY = "iPhone Developer";
				COPY_PHASE_STRIP = NO;
				DEBUG_INFORMATION_FORMAT = "dwarf-with-dsym";
				ENABLE_NS_ASSERTIONS = NO;
				ENABLE_STRICT_OBJC_MSGSEND = YES;
				GCC_C_LANGUAGE_STANDARD = gnu11;
				GCC_NO_COMMON_BLOCKS = YES;
				GCC_WARN_64_TO_32_BIT_CONVERSION = YES;
				GCC_WARN_ABOUT_RETURN_TYPE = YES_ERROR;
				GCC_WARN_UNDECLARED_SELECTOR = YES;
				GCC_WARN_UNINITIALIZED_AUTOS = YES_AGGRESSIVE;
				GCC_WARN_UNUSED_FUNCTION = YES;
				GCC_WARN_UNUSED_VARIABLE = YES;
				IPHONEOS_DEPLOYMENT_TARGET = 11.2;
				MTL_ENABLE_DEBUG_INFO = NO;
				SDKROOT = iphoneos;
				SWIFT_OPTIMIZATION_LEVEL = "-Owholemodule";
				VALIDATE_PRODUCT = YES;
			};
			name = Release;
		};
		F62A875E201BFF3C00260619 /* Debug */ = {
			isa = XCBuildConfiguration;
			buildSettings = {
				ASSETCATALOG_COMPILER_APPICON_NAME = AppIcon;
				CODE_SIGN_STYLE = Automatic;
				DEVELOPMENT_TEAM = 9PSYN3N9X6;
				INFOPLIST_FILE = ClearSkyWatcher/Resources/Info.plist;
				LD_RUNPATH_SEARCH_PATHS = "$(inherited) @executable_path/Frameworks";
				PRODUCT_BUNDLE_IDENTIFIER = net.foxnet.ClearSkyWatcher;
				PRODUCT_NAME = "$(TARGET_NAME)";
				SWIFT_VERSION = 4.2;
				TARGETED_DEVICE_FAMILY = "1,2";
			};
			name = Debug;
		};
		F62A875F201BFF3C00260619 /* Release */ = {
			isa = XCBuildConfiguration;
			buildSettings = {
				ASSETCATALOG_COMPILER_APPICON_NAME = AppIcon;
				CODE_SIGN_STYLE = Automatic;
				DEVELOPMENT_TEAM = 9PSYN3N9X6;
				INFOPLIST_FILE = ClearSkyWatcher/Resources/Info.plist;
				LD_RUNPATH_SEARCH_PATHS = "$(inherited) @executable_path/Frameworks";
				PRODUCT_BUNDLE_IDENTIFIER = net.foxnet.ClearSkyWatcher;
				PRODUCT_NAME = "$(TARGET_NAME)";
				SWIFT_VERSION = 4.2;
				TARGETED_DEVICE_FAMILY = "1,2";
			};
			name = Release;
		};
/* End XCBuildConfiguration section */

/* Begin XCConfigurationList section */
		F62A8744201BFF3B00260619 /* Build configuration list for PBXProject "ClearSkyWatcher" */ = {
			isa = XCConfigurationList;
			buildConfigurations = (
				F62A875B201BFF3C00260619 /* Debug */,
				F62A875C201BFF3C00260619 /* Release */,
			);
			defaultConfigurationIsVisible = 0;
			defaultConfigurationName = Release;
		};
		F62A875D201BFF3C00260619 /* Build configuration list for PBXNativeTarget "ClearSkyWatcher" */ = {
			isa = XCConfigurationList;
			buildConfigurations = (
				F62A875E201BFF3C00260619 /* Debug */,
				F62A875F201BFF3C00260619 /* Release */,
			);
			defaultConfigurationIsVisible = 0;
			defaultConfigurationName = Release;
		};
/* End XCConfigurationList section */

/* Begin XCVersionGroup section */
		F60BC3692209BD600071674F /* ClearSkyWatcher.xcdatamodeld */ = {
			isa = XCVersionGroup;
			children = (
				F60BC36A2209BD600071674F /* ObservingSiteProperties.xcdatamodel */,
			);
			currentVersion = F60BC36A2209BD600071674F /* ObservingSiteProperties.xcdatamodel */;
			path = ClearSkyWatcher.xcdatamodeld;
			sourceTree = "<group>";
			versionGroupType = wrapper.xcdatamodel;
		};
/* End XCVersionGroup section */
	};
	rootObject = F62A8741201BFF3B00260619 /* Project object */;
}
