// !$*UTF8*$!
{
	archiveVersion = 1;
	classes = {
	};
	objectVersion = 48;
	objects = {

/* Begin PBXBuildFile section */
		F603F61E2039180D00129F25 /* NetworkHandler.swift in Sources */ = {isa = PBXBuildFile; fileRef = F603F61D2039180D00129F25 /* NetworkHandler.swift */; };
		F6087A992031EFFF007426F5 /* ObservingSiteManager.swift in Sources */ = {isa = PBXBuildFile; fileRef = F6087A982031EFFF007426F5 /* ObservingSiteManager.swift */; };
		F6087A9C2031F184007426F5 /* ObservingSite.swift in Sources */ = {isa = PBXBuildFile; fileRef = F6087A9B2031F184007426F5 /* ObservingSite.swift */; };
		F62A874D201BFF3B00260619 /* AppDelegate.swift in Sources */ = {isa = PBXBuildFile; fileRef = F62A874C201BFF3B00260619 /* AppDelegate.swift */; };
		F62A874F201BFF3B00260619 /* FirstViewController.swift in Sources */ = {isa = PBXBuildFile; fileRef = F62A874E201BFF3B00260619 /* FirstViewController.swift */; };
		F62A8751201BFF3C00260619 /* SecondViewController.swift in Sources */ = {isa = PBXBuildFile; fileRef = F62A8750201BFF3C00260619 /* SecondViewController.swift */; };
		F62A8754201BFF3C00260619 /* Main.storyboard in Resources */ = {isa = PBXBuildFile; fileRef = F62A8752201BFF3C00260619 /* Main.storyboard */; };
		F62A8756201BFF3C00260619 /* Assets.xcassets in Resources */ = {isa = PBXBuildFile; fileRef = F62A8755201BFF3C00260619 /* Assets.xcassets */; };
		F62A8759201BFF3C00260619 /* LaunchScreen.storyboard in Resources */ = {isa = PBXBuildFile; fileRef = F62A8757201BFF3C00260619 /* LaunchScreen.storyboard */; };
		F6C99645203A6EBF006FE287 /* Logger.swift in Sources */ = {isa = PBXBuildFile; fileRef = F6C99644203A6EBF006FE287 /* Logger.swift */; };
/* End PBXBuildFile section */

/* Begin PBXFileReference section */
		F603F61D2039180D00129F25 /* NetworkHandler.swift */ = {isa = PBXFileReference; fileEncoding = 4; lastKnownFileType = sourcecode.swift; path = NetworkHandler.swift; sourceTree = "<group>"; };
		F6087A982031EFFF007426F5 /* ObservingSiteManager.swift */ = {isa = PBXFileReference; lastKnownFileType = sourcecode.swift; path = ObservingSiteManager.swift; sourceTree = "<group>"; };
		F6087A9B2031F184007426F5 /* ObservingSite.swift */ = {isa = PBXFileReference; fileEncoding = 4; lastKnownFileType = sourcecode.swift; path = ObservingSite.swift; sourceTree = "<group>"; };
		F62A8749201BFF3B00260619 /* ClearSkyWatcher.app */ = {isa = PBXFileReference; explicitFileType = wrapper.application; includeInIndex = 0; path = ClearSkyWatcher.app; sourceTree = BUILT_PRODUCTS_DIR; };
		F62A874C201BFF3B00260619 /* AppDelegate.swift */ = {isa = PBXFileReference; lastKnownFileType = sourcecode.swift; path = AppDelegate.swift; sourceTree = "<group>"; };
		F62A874E201BFF3B00260619 /* FirstViewController.swift */ = {isa = PBXFileReference; lastKnownFileType = sourcecode.swift; path = FirstViewController.swift; sourceTree = "<group>"; };
		F62A8750201BFF3C00260619 /* SecondViewController.swift */ = {isa = PBXFileReference; lastKnownFileType = sourcecode.swift; path = SecondViewController.swift; sourceTree = "<group>"; };
		F62A8753201BFF3C00260619 /* Base */ = {isa = PBXFileReference; lastKnownFileType = file.storyboard; name = Base; path = Base.lproj/Main.storyboard; sourceTree = "<group>"; };
		F62A8755201BFF3C00260619 /* Assets.xcassets */ = {isa = PBXFileReference; lastKnownFileType = folder.assetcatalog; path = Assets.xcassets; sourceTree = "<group>"; };
		F62A8758201BFF3C00260619 /* Base */ = {isa = PBXFileReference; lastKnownFileType = file.storyboard; name = Base; path = Base.lproj/LaunchScreen.storyboard; sourceTree = "<group>"; };
		F62A875A201BFF3C00260619 /* Info.plist */ = {isa = PBXFileReference; lastKnownFileType = text.plist.xml; path = Info.plist; sourceTree = "<group>"; };
		F6C99644203A6EBF006FE287 /* Logger.swift */ = {isa = PBXFileReference; lastKnownFileType = sourcecode.swift; name = Logger.swift; path = Util/Logger.swift; sourceTree = "<group>"; };
/* End PBXFileReference section */

/* Begin PBXFrameworksBuildPhase section */
		F62A8746201BFF3B00260619 /* Frameworks */ = {
			isa = PBXFrameworksBuildPhase;
			buildActionMask = 2147483647;
			files = (
			);
			runOnlyForDeploymentPostprocessing = 0;
		};
/* End PBXFrameworksBuildPhase section */

/* Begin PBXGroup section */
		F603F61C203917E600129F25 /* Network */ = {
			isa = PBXGroup;
			children = (
				F603F61D2039180D00129F25 /* NetworkHandler.swift */,
			);
			path = Network;
			sourceTree = "<group>";
		};
		F6087A9F20325ADA007426F5 /* Model */ = {
			isa = PBXGroup;
			children = (
				F6087A9B2031F184007426F5 /* ObservingSite.swift */,
			);
			path = Model;
			sourceTree = "<group>";
		};
		F62A8740201BFF3B00260619 = {
			isa = PBXGroup;
			children = (
				F62A874B201BFF3B00260619 /* ClearSkyWatcher */,
				F62A874A201BFF3B00260619 /* Products */,
			);
			sourceTree = "<group>";
		};
		F62A874A201BFF3B00260619 /* Products */ = {
			isa = PBXGroup;
			children = (
				F62A8749201BFF3B00260619 /* ClearSkyWatcher.app */,
			);
			name = Products;
			sourceTree = "<group>";
		};
		F62A874B201BFF3B00260619 /* ClearSkyWatcher */ = {
			isa = PBXGroup;
			children = (
				F603F61C203917E600129F25 /* Network */,
				F6087A9F20325ADA007426F5 /* Model */,
				F6087A982031EFFF007426F5 /* ObservingSiteManager.swift */,
				F62A874C201BFF3B00260619 /* AppDelegate.swift */,
				F62A874E201BFF3B00260619 /* FirstViewController.swift */,
				F62A8750201BFF3C00260619 /* SecondViewController.swift */,
				F62A8752201BFF3C00260619 /* Main.storyboard */,
				F62A8755201BFF3C00260619 /* Assets.xcassets */,
				F62A8757201BFF3C00260619 /* LaunchScreen.storyboard */,
				F62A875A201BFF3C00260619 /* Info.plist */,
				F6C99644203A6EBF006FE287 /* Logger.swift */,
			);
			path = ClearSkyWatcher;
			sourceTree = "<group>";
		};
/* End PBXGroup section */

/* Begin PBXNativeTarget section */
		F62A8748201BFF3B00260619 /* ClearSkyWatcher */ = {
			isa = PBXNativeTarget;
			buildConfigurationList = F62A875D201BFF3C00260619 /* Build configuration list for PBXNativeTarget "ClearSkyWatcher" */;
			buildPhases = (
				F62A8745201BFF3B00260619 /* Sources */,
				F62A8746201BFF3B00260619 /* Frameworks */,
				F62A8747201BFF3B00260619 /* Resources */,
			);
			buildRules = (
			);
			dependencies = (
			);
			name = ClearSkyWatcher;
			productName = ClearSkyWatcher;
			productReference = F62A8749201BFF3B00260619 /* ClearSkyWatcher.app */;
			productType = "com.apple.product-type.application";
		};
/* End PBXNativeTarget section */

/* Begin PBXProject section */
		F62A8741201BFF3B00260619 /* Project object */ = {
			isa = PBXProject;
			attributes = {
				LastSwiftUpdateCheck = 0920;
				LastUpgradeCheck = 0920;
				ORGANIZATIONNAME = FoxNet;
				TargetAttributes = {
					F62A8748201BFF3B00260619 = {
						CreatedOnToolsVersion = 9.2;
						ProvisioningStyle = Automatic;
					};
				};
			};
			buildConfigurationList = F62A8744201BFF3B00260619 /* Build configuration list for PBXProject "ClearSkyWatcher" */;
			compatibilityVersion = "Xcode 8.0";
			developmentRegion = en;
			hasScannedForEncodings = 0;
			knownRegions = (
				en,
				Base,
			);
			mainGroup = F62A8740201BFF3B00260619;
			productRefGroup = F62A874A201BFF3B00260619 /* Products */;
			projectDirPath = "";
			projectRoot = "";
			targets = (
				F62A8748201BFF3B00260619 /* ClearSkyWatcher */,
			);
		};
/* End PBXProject section */

/* Begin PBXResourcesBuildPhase section */
		F62A8747201BFF3B00260619 /* Resources */ = {
			isa = PBXResourcesBuildPhase;
			buildActionMask = 2147483647;
			files = (
				F62A8759201BFF3C00260619 /* LaunchScreen.storyboard in Resources */,
				F62A8756201BFF3C00260619 /* Assets.xcassets in Resources */,
				F62A8754201BFF3C00260619 /* Main.storyboard in Resources */,
			);
			runOnlyForDeploymentPostprocessing = 0;
		};
/* End PBXResourcesBuildPhase section */

/* Begin PBXSourcesBuildPhase section */
		F62A8745201BFF3B00260619 /* Sources */ = {
			isa = PBXSourcesBuildPhase;
			buildActionMask = 2147483647;
			files = (
				F62A8751201BFF3C00260619 /* SecondViewController.swift in Sources */,
				F6087A992031EFFF007426F5 /* ObservingSiteManager.swift in Sources */,
				F62A874D201BFF3B00260619 /* AppDelegate.swift in Sources */,
				F62A874F201BFF3B00260619 /* FirstViewController.swift in Sources */,
				F6C99645203A6EBF006FE287 /* Logger.swift in Sources */,
				F6087A9C2031F184007426F5 /* ObservingSite.swift in Sources */,
				F603F61E2039180D00129F25 /* NetworkHandler.swift in Sources */,
			);
			runOnlyForDeploymentPostprocessing = 0;
		};
/* End PBXSourcesBuildPhase section */

/* Begin PBXVariantGroup section */
		F62A8752201BFF3C00260619 /* Main.storyboard */ = {
			isa = PBXVariantGroup;
			children = (
				F62A8753201BFF3C00260619 /* Base */,
			);
			name = Main.storyboard;
			sourceTree = "<group>";
		};
		F62A8757201BFF3C00260619 /* LaunchScreen.storyboard */ = {
			isa = PBXVariantGroup;
			children = (
				F62A8758201BFF3C00260619 /* Base */,
			);
			name = LaunchScreen.storyboard;
			sourceTree = "<group>";
		};
/* End PBXVariantGroup section */

/* Begin XCBuildConfiguration section */
		F62A875B201BFF3C00260619 /* Debug */ = {
			isa = XCBuildConfiguration;
			buildSettings = {
				ALWAYS_SEARCH_USER_PATHS = NO;
				CLANG_ANALYZER_NONNULL = YES;
				CLANG_ANALYZER_NUMBER_OBJECT_CONVERSION = YES_AGGRESSIVE;
				CLANG_CXX_LANGUAGE_STANDARD = "gnu++14";
				CLANG_CXX_LIBRARY = "libc++";
				CLANG_ENABLE_MODULES = YES;
				CLANG_ENABLE_OBJC_ARC = YES;
				CLANG_WARN_BLOCK_CAPTURE_AUTORELEASING = YES;
				CLANG_WARN_BOOL_CONVERSION = YES;
				CLANG_WARN_COMMA = YES;
				CLANG_WARN_CONSTANT_CONVERSION = YES;
				CLANG_WARN_DIRECT_OBJC_ISA_USAGE = YES_ERROR;
				CLANG_WARN_DOCUMENTATION_COMMENTS = YES;
				CLANG_WARN_EMPTY_BODY = YES;
				CLANG_WARN_ENUM_CONVERSION = YES;
				CLANG_WARN_INFINITE_RECURSION = YES;
				CLANG_WARN_INT_CONVERSION = YES;
				CLANG_WARN_NON_LITERAL_NULL_CONVERSION = YES;
				CLANG_WARN_OBJC_LITERAL_CONVERSION = YES;
				CLANG_WARN_OBJC_ROOT_CLASS = YES_ERROR;
				CLANG_WARN_RANGE_LOOP_ANALYSIS = YES;
				CLANG_WARN_STRICT_PROTOTYPES = YES;
				CLANG_WARN_SUSPICIOUS_MOVE = YES;
				CLANG_WARN_UNGUARDED_AVAILABILITY = YES_AGGRESSIVE;
				CLANG_WARN_UNREACHABLE_CODE = YES;
				CLANG_WARN__DUPLICATE_METHOD_MATCH = YES;
				CODE_SIGN_IDENTITY = "iPhone Developer";
				COPY_PHASE_STRIP = NO;
				DEBUG_INFORMATION_FORMAT = dwarf;
				ENABLE_STRICT_OBJC_MSGSEND = YES;
				ENABLE_TESTABILITY = YES;
				GCC_C_LANGUAGE_STANDARD = gnu11;
				GCC_DYNAMIC_NO_PIC = NO;
				GCC_NO_COMMON_BLOCKS = YES;
				GCC_OPTIMIZATION_LEVEL = 0;
				GCC_PREPROCESSOR_DEFINITIONS = (
					"DEBUG=1",
					"$(inherited)",
				);
				GCC_WARN_64_TO_32_BIT_CONVERSION = YES;
				GCC_WARN_ABOUT_RETURN_TYPE = YES_ERROR;
				GCC_WARN_UNDECLARED_SELECTOR = YES;
				GCC_WARN_UNINITIALIZED_AUTOS = YES_AGGRESSIVE;
				GCC_WARN_UNUSED_FUNCTION = YES;
				GCC_WARN_UNUSED_VARIABLE = YES;
				IPHONEOS_DEPLOYMENT_TARGET = 11.2;
				MTL_ENABLE_DEBUG_INFO = YES;
				ONLY_ACTIVE_ARCH = YES;
				SDKROOT = iphoneos;
				SWIFT_ACTIVE_COMPILATION_CONDITIONS = DEBUG;
				SWIFT_OPTIMIZATION_LEVEL = "-Onone";
			};
			name = Debug;
		};
		F62A875C201BFF3C00260619 /* Release */ = {
			isa = XCBuildConfiguration;
			buildSettings = {
				ALWAYS_SEARCH_USER_PATHS = NO;
				CLANG_ANALYZER_NONNULL = YES;
				CLANG_ANALYZER_NUMBER_OBJECT_CONVERSION = YES_AGGRESSIVE;
				CLANG_CXX_LANGUAGE_STANDARD = "gnu++14";
				CLANG_CXX_LIBRARY = "libc++";
				CLANG_ENABLE_MODULES = YES;
				CLANG_ENABLE_OBJC_ARC = YES;
				CLANG_WARN_BLOCK_CAPTURE_AUTORELEASING = YES;
				CLANG_WARN_BOOL_CONVERSION = YES;
				CLANG_WARN_COMMA = YES;
				CLANG_WARN_CONSTANT_CONVERSION = YES;
				CLANG_WARN_DIRECT_OBJC_ISA_USAGE = YES_ERROR;
				CLANG_WARN_DOCUMENTATION_COMMENTS = YES;
				CLANG_WARN_EMPTY_BODY = YES;
				CLANG_WARN_ENUM_CONVERSION = YES;
				CLANG_WARN_INFINITE_RECURSION = YES;
				CLANG_WARN_INT_CONVERSION = YES;
				CLANG_WARN_NON_LITERAL_NULL_CONVERSION = YES;
				CLANG_WARN_OBJC_LITERAL_CONVERSION = YES;
				CLANG_WARN_OBJC_ROOT_CLASS = YES_ERROR;
				CLANG_WARN_RANGE_LOOP_ANALYSIS = YES;
				CLANG_WARN_STRICT_PROTOTYPES = YES;
				CLANG_WARN_SUSPICIOUS_MOVE = YES;
				CLANG_WARN_UNGUARDED_AVAILABILITY = YES_AGGRESSIVE;
				CLANG_WARN_UNREACHABLE_CODE = YES;
				CLANG_WARN__DUPLICATE_METHOD_MATCH = YES;
				CODE_SIGN_IDENTITY = "iPhone Developer";
				COPY_PHASE_STRIP = NO;
				DEBUG_INFORMATION_FORMAT = "dwarf-with-dsym";
				ENABLE_NS_ASSERTIONS = NO;
				ENABLE_STRICT_OBJC_MSGSEND = YES;
				GCC_C_LANGUAGE_STANDARD = gnu11;
				GCC_NO_COMMON_BLOCKS = YES;
				GCC_WARN_64_TO_32_BIT_CONVERSION = YES;
				GCC_WARN_ABOUT_RETURN_TYPE = YES_ERROR;
				GCC_WARN_UNDECLARED_SELECTOR = YES;
				GCC_WARN_UNINITIALIZED_AUTOS = YES_AGGRESSIVE;
				GCC_WARN_UNUSED_FUNCTION = YES;
				GCC_WARN_UNUSED_VARIABLE = YES;
				IPHONEOS_DEPLOYMENT_TARGET = 11.2;
				MTL_ENABLE_DEBUG_INFO = NO;
				SDKROOT = iphoneos;
				SWIFT_OPTIMIZATION_LEVEL = "-Owholemodule";
				VALIDATE_PRODUCT = YES;
			};
			name = Release;
		};
		F62A875E201BFF3C00260619 /* Debug */ = {
			isa = XCBuildConfiguration;
			buildSettings = {
				ASSETCATALOG_COMPILER_APPICON_NAME = AppIcon;
				CODE_SIGN_STYLE = Automatic;
				DEVELOPMENT_TEAM = 9PSYN3N9X6;
				INFOPLIST_FILE = ClearSkyWatcher/Info.plist;
				LD_RUNPATH_SEARCH_PATHS = "$(inherited) @executable_path/Frameworks";
				PRODUCT_BUNDLE_IDENTIFIER = net.foxnet.ClearSkyWatcher;
				PRODUCT_NAME = "$(TARGET_NAME)";
				SWIFT_VERSION = 4.0;
				TARGETED_DEVICE_FAMILY = "1,2";
			};
			name = Debug;
		};
		F62A875F201BFF3C00260619 /* Release */ = {
			isa = XCBuildConfiguration;
			buildSettings = {
				ASSETCATALOG_COMPILER_APPICON_NAME = AppIcon;
				CODE_SIGN_STYLE = Automatic;
				DEVELOPMENT_TEAM = 9PSYN3N9X6;
				INFOPLIST_FILE = ClearSkyWatcher/Info.plist;
				LD_RUNPATH_SEARCH_PATHS = "$(inherited) @executable_path/Frameworks";
				PRODUCT_BUNDLE_IDENTIFIER = net.foxnet.ClearSkyWatcher;
				PRODUCT_NAME = "$(TARGET_NAME)";
				SWIFT_VERSION = 4.0;
				TARGETED_DEVICE_FAMILY = "1,2";
			};
			name = Release;
		};
/* End XCBuildConfiguration section */

/* Begin XCConfigurationList section */
		F62A8744201BFF3B00260619 /* Build configuration list for PBXProject "ClearSkyWatcher" */ = {
			isa = XCConfigurationList;
			buildConfigurations = (
				F62A875B201BFF3C00260619 /* Debug */,
				F62A875C201BFF3C00260619 /* Release */,
			);
			defaultConfigurationIsVisible = 0;
			defaultConfigurationName = Release;
		};
		F62A875D201BFF3C00260619 /* Build configuration list for PBXNativeTarget "ClearSkyWatcher" */ = {
			isa = XCConfigurationList;
			buildConfigurations = (
				F62A875E201BFF3C00260619 /* Debug */,
				F62A875F201BFF3C00260619 /* Release */,
			);
			defaultConfigurationIsVisible = 0;
			defaultConfigurationName = Release;
		};
/* End XCConfigurationList section */
	};
	rootObject = F62A8741201BFF3B00260619 /* Project object */;
}
